<?xml version="1.0" encoding="utf-8"?>
<Project ToolsVersion="4.0" xmlns="http://schemas.microsoft.com/developer/msbuild/2003">
  <ItemGroup>
    <Filter Include="Source Files">
      <UniqueIdentifier>{4FC737F1-C7A5-4376-A066-2A32D752A2FF}</UniqueIdentifier>
      <Extensions>cpp;c;cc;cxx;def;odl;idl;hpj;bat;asm;asmx</Extensions>
    </Filter>
    <Filter Include="Header Files">
      <UniqueIdentifier>{93995380-89BD-4b04-88EB-625FBE52EBFB}</UniqueIdentifier>
      <Extensions>h;hh;hpp;hxx;hm;inl;inc;ipp;xsd</Extensions>
    </Filter>
    <Filter Include="Resource Files">
      <UniqueIdentifier>{67DA6AB6-F800-4c08-8B7A-83BB121AAD01}</UniqueIdentifier>
      <Extensions>rc;ico;cur;bmp;dlg;rc2;rct;bin;rgs;gif;jpg;jpeg;jpe;resx;tiff;tif;png;wav;mfcribbon-ms</Extensions>
    </Filter>
    <Filter Include="Header Files\automata">
      <UniqueIdentifier>{516c1608-33a4-447f-8336-56feebb883df}</UniqueIdentifier>
    </Filter>
    <Filter Include="Source Files\automata">
      <UniqueIdentifier>{879240c9-d204-4a9e-93f5-3cc8b1112201}</UniqueIdentifier>
    </Filter>
    <Filter Include="Header Files\automata\nfa">
      <UniqueIdentifier>{98f43445-be81-490c-80c8-84d1d315ee5d}</UniqueIdentifier>
    </Filter>
    <Filter Include="Source Files\automata\nfa">
      <UniqueIdentifier>{cd8d46fc-cc3f-4a89-a336-a44b6e34133e}</UniqueIdentifier>
    </Filter>
    <Filter Include="Source Files\automata\regex">
      <UniqueIdentifier>{c90df830-4d7f-443d-ba72-9494154a5be2}</UniqueIdentifier>
    </Filter>
    <Filter Include="Header Files\automata\regex">
      <UniqueIdentifier>{aa248f04-aaa2-4c31-a6a8-87285240b4e5}</UniqueIdentifier>
    </Filter>
  </ItemGroup>
  <ItemGroup>
    <ClCompile Include="Regex.cpp">
      <Filter>Source Files</Filter>
    </ClCompile>
    <ClCompile Include="automata\nfa\nfa.cpp">
      <Filter>Source Files\automata\nfa</Filter>
    </ClCompile>
    <ClCompile Include="automata\regex\regexp.cpp">
      <Filter>Source Files\automata\regex</Filter>
    </ClCompile>
    <ClCompile Include="automata\nfa\nfa_helper.cpp">
      <Filter>Source Files</Filter>
    </ClCompile>
  </ItemGroup>
  <ItemGroup>
    <ClInclude Include="automata\nfa\nfa.h">
      <Filter>Header Files\automata\nfa</Filter>
    </ClInclude>
    <ClInclude Include="automata\regex\regexp.h">
      <Filter>Header Files\automata\regex</Filter>
    </ClInclude>
    <ClInclude Include="automata\Stare.h">
      <Filter>Header Files\automata</Filter>
    </ClInclude>
    <ClInclude Include="automata\nfa\nfa_helper.h">
      <Filter>Header Files\automata\nfa</Filter>
    </ClInclude>
  </ItemGroup>
</Project>